
Microsoft Visual Studio Solution File, Format Version 12.00
# Visual Studio Version 16
VisualStudioVersion = 16.0.34031.81
MinimumVisualStudioVersion = 10.0.40219.1
Project("{2150E333-8FDC-42A3-9474-1A3956D46DE8}") = "Task0", "Task0", "{191E893E-F806-4260-8C08-DF94EFC61C5F}"
EndProject
Project("{FAE04EC0-301F-11D3-BF4B-00C04F79EFBC}") = "Tyuiu.KolchakovDR.Sprint6.Task0.V15.Lib", "Tyuiu.KolchakovDR.Sprint6.Task0.V15.Lib\Tyuiu.KolchakovDR.Sprint6.Task0.V15.Lib.csproj", "{3C7B5EE6-AE61-4645-95F8-CE002BA5673B}"
EndProject
Project("{FAE04EC0-301F-11D3-BF4B-00C04F79EFBC}") = "Tyuiu.KolchakovDR.Sprint6.Task0.V15.Test", "Tyuiu.KolchakovDR.Sprint6.Task0.V15.Test\Tyuiu.KolchakovDR.Sprint6.Task0.V15.Test.csproj", "{BB579485-16F0-4C67-B567-ABD5F9B1D7AA}"
EndProject
Project("{FAE04EC0-301F-11D3-BF4B-00C04F79EFBC}") = "Tyuiu.KolchakovDR.Sprint6.Task0.V15", "Tyuiu.KolchakovDR.Sprint6.Task0.V15\Tyuiu.KolchakovDR.Sprint6.Task0.V15.csproj", "{EF0223E5-61DE-433C-957E-59E36670EDC6}"
EndProject
Project("{2150E333-8FDC-42A3-9474-1A3956D46DE8}") = "Task1", "Task1", "{91C003A1-03B2-4942-B52C-C2AD42A04F26}"
EndProject
Project("{FAE04EC0-301F-11D3-BF4B-00C04F79EFBC}") = "Tyuiu.KolchakovDR.Sprint6.Task1.V16.Test", "Tyuiu.KolchakovDR.Sprint6.Task1.V16.Test\Tyuiu.KolchakovDR.Sprint6.Task1.V16.Test.csproj", "{4B902FF0-4F7E-4911-8137-144D554E4D3F}"
EndProject
Project("{FAE04EC0-301F-11D3-BF4B-00C04F79EFBC}") = "Tyuiu.KolchakovDR.Sprint6.Task1.V16", "Tyuiu.KolchakovDR.Sprint6.Task1.V16\Tyuiu.KolchakovDR.Sprint6.Task1.V16.csproj", "{D9DF155A-B749-4D20-9DF3-E9ACF4BF9293}"
EndProject
Project("{FAE04EC0-301F-11D3-BF4B-00C04F79EFBC}") = "Tyuiu.KolchakovDR.Sprint6.Task1.V16.Lib", "Tyuiu.KolchakovDR.Sprint6.Task1.V16.Lib\Tyuiu.KolchakovDR.Sprint6.Task1.V16.Lib.csproj", "{07CD1777-6B87-4F49-9E6E-BBAE67715909}"
EndProject
Project("{2150E333-8FDC-42A3-9474-1A3956D46DE8}") = "Task2", "Task2", "{2DBA1FA1-3287-47D6-A392-F4B26D946DF6}"
EndProject
Project("{FAE04EC0-301F-11D3-BF4B-00C04F79EFBC}") = "Tyuiu.KolchakovDR.Sprint6.Task2.V12.Lib", "Tyuiu.KolchakovDR.Sprint6.Task2.V12.Lib\Tyuiu.KolchakovDR.Sprint6.Task2.V12.Lib.csproj", "{63B2D234-0CA2-4563-9C33-D9B7A18E8625}"
EndProject
Project("{FAE04EC0-301F-11D3-BF4B-00C04F79EFBC}") = "Tyuiu.KolchakovDR.Sprint6.Task2.V12.Test", "Tyuiu.KolchakovDR.Sprint6.Task2.V12.Test\Tyuiu.KolchakovDR.Sprint6.Task2.V12.Test.csproj", "{F443EA24-D68A-4B92-8978-E90D1956D7F3}"
EndProject
Project("{FAE04EC0-301F-11D3-BF4B-00C04F79EFBC}") = "Tyuiu.KolchakovDR.Sprint6.Task2.V12", "Tyuiu.KolchakovDR.Sprint6.Task2.V12\Tyuiu.KolchakovDR.Sprint6.Task2.V12.csproj", "{DC28ACBB-E90F-4708-8FDD-EA5E0262D308}"
EndProject
Global
	GlobalSection(SolutionConfigurationPlatforms) = preSolution
		Debug|Any CPU = Debug|Any CPU
		Release|Any CPU = Release|Any CPU
	EndGlobalSection
	GlobalSection(ProjectConfigurationPlatforms) = postSolution
		{3C7B5EE6-AE61-4645-95F8-CE002BA5673B}.Debug|Any CPU.ActiveCfg = Debug|Any CPU
		{3C7B5EE6-AE61-4645-95F8-CE002BA5673B}.Debug|Any CPU.Build.0 = Debug|Any CPU
		{3C7B5EE6-AE61-4645-95F8-CE002BA5673B}.Release|Any CPU.ActiveCfg = Release|Any CPU
		{3C7B5EE6-AE61-4645-95F8-CE002BA5673B}.Release|Any CPU.Build.0 = Release|Any CPU
		{BB579485-16F0-4C67-B567-ABD5F9B1D7AA}.Debug|Any CPU.ActiveCfg = Debug|Any CPU
		{BB579485-16F0-4C67-B567-ABD5F9B1D7AA}.Debug|Any CPU.Build.0 = Debug|Any CPU
		{BB579485-16F0-4C67-B567-ABD5F9B1D7AA}.Release|Any CPU.ActiveCfg = Release|Any CPU
		{BB579485-16F0-4C67-B567-ABD5F9B1D7AA}.Release|Any CPU.Build.0 = Release|Any CPU
		{EF0223E5-61DE-433C-957E-59E36670EDC6}.Debug|Any CPU.ActiveCfg = Debug|Any CPU
		{EF0223E5-61DE-433C-957E-59E36670EDC6}.Debug|Any CPU.Build.0 = Debug|Any CPU
		{EF0223E5-61DE-433C-957E-59E36670EDC6}.Release|Any CPU.ActiveCfg = Release|Any CPU
		{EF0223E5-61DE-433C-957E-59E36670EDC6}.Release|Any CPU.Build.0 = Release|Any CPU
		{4B902FF0-4F7E-4911-8137-144D554E4D3F}.Debug|Any CPU.ActiveCfg = Debug|Any CPU
		{4B902FF0-4F7E-4911-8137-144D554E4D3F}.Debug|Any CPU.Build.0 = Debug|Any CPU
		{4B902FF0-4F7E-4911-8137-144D554E4D3F}.Release|Any CPU.ActiveCfg = Release|Any CPU
		{4B902FF0-4F7E-4911-8137-144D554E4D3F}.Release|Any CPU.Build.0 = Release|Any CPU
		{D9DF155A-B749-4D20-9DF3-E9ACF4BF9293}.Debug|Any CPU.ActiveCfg = Debug|Any CPU
		{D9DF155A-B749-4D20-9DF3-E9ACF4BF9293}.Debug|Any CPU.Build.0 = Debug|Any CPU
		{D9DF155A-B749-4D20-9DF3-E9ACF4BF9293}.Release|Any CPU.ActiveCfg = Release|Any CPU
		{D9DF155A-B749-4D20-9DF3-E9ACF4BF9293}.Release|Any CPU.Build.0 = Release|Any CPU
		{07CD1777-6B87-4F49-9E6E-BBAE67715909}.Debug|Any CPU.ActiveCfg = Debug|Any CPU
		{07CD1777-6B87-4F49-9E6E-BBAE67715909}.Debug|Any CPU.Build.0 = Debug|Any CPU
		{07CD1777-6B87-4F49-9E6E-BBAE67715909}.Release|Any CPU.ActiveCfg = Release|Any CPU
		{07CD1777-6B87-4F49-9E6E-BBAE67715909}.Release|Any CPU.Build.0 = Release|Any CPU
		{63B2D234-0CA2-4563-9C33-D9B7A18E8625}.Debug|Any CPU.ActiveCfg = Debug|Any CPU
		{63B2D234-0CA2-4563-9C33-D9B7A18E8625}.Debug|Any CPU.Build.0 = Debug|Any CPU
		{63B2D234-0CA2-4563-9C33-D9B7A18E8625}.Release|Any CPU.ActiveCfg = Release|Any CPU
		{63B2D234-0CA2-4563-9C33-D9B7A18E8625}.Release|Any CPU.Build.0 = Release|Any CPU
		{F443EA24-D68A-4B92-8978-E90D1956D7F3}.Debug|Any CPU.ActiveCfg = Debug|Any CPU
		{F443EA24-D68A-4B92-8978-E90D1956D7F3}.Debug|Any CPU.Build.0 = Debug|Any CPU
		{F443EA24-D68A-4B92-8978-E90D1956D7F3}.Release|Any CPU.ActiveCfg = Release|Any CPU
		{F443EA24-D68A-4B92-8978-E90D1956D7F3}.Release|Any CPU.Build.0 = Release|Any CPU
		{DC28ACBB-E90F-4708-8FDD-EA5E0262D308}.Debug|Any CPU.ActiveCfg = Debug|Any CPU
		{DC28ACBB-E90F-4708-8FDD-EA5E0262D308}.Debug|Any CPU.Build.0 = Debug|Any CPU
		{DC28ACBB-E90F-4708-8FDD-EA5E0262D308}.Release|Any CPU.ActiveCfg = Release|Any CPU
		{DC28ACBB-E90F-4708-8FDD-EA5E0262D308}.Release|Any CPU.Build.0 = Release|Any CPU
	EndGlobalSection
	GlobalSection(SolutionProperties) = preSolution
		HideSolutionNode = FALSE
	EndGlobalSection
	GlobalSection(NestedProjects) = preSolution
		{3C7B5EE6-AE61-4645-95F8-CE002BA5673B} = {191E893E-F806-4260-8C08-DF94EFC61C5F}
		{BB579485-16F0-4C67-B567-ABD5F9B1D7AA} = {191E893E-F806-4260-8C08-DF94EFC61C5F}
		{EF0223E5-61DE-433C-957E-59E36670EDC6} = {191E893E-F806-4260-8C08-DF94EFC61C5F}
		{4B902FF0-4F7E-4911-8137-144D554E4D3F} = {91C003A1-03B2-4942-B52C-C2AD42A04F26}
		{D9DF155A-B749-4D20-9DF3-E9ACF4BF9293} = {91C003A1-03B2-4942-B52C-C2AD42A04F26}
		{07CD1777-6B87-4F49-9E6E-BBAE67715909} = {91C003A1-03B2-4942-B52C-C2AD42A04F26}
		{63B2D234-0CA2-4563-9C33-D9B7A18E8625} = {2DBA1FA1-3287-47D6-A392-F4B26D946DF6}
		{F443EA24-D68A-4B92-8978-E90D1956D7F3} = {2DBA1FA1-3287-47D6-A392-F4B26D946DF6}
		{DC28ACBB-E90F-4708-8FDD-EA5E0262D308} = {2DBA1FA1-3287-47D6-A392-F4B26D946DF6}
	EndGlobalSection
	GlobalSection(ExtensibilityGlobals) = postSolution
		SolutionGuid = {E3518EFB-D35F-4CDC-A858-64011A4D1B3E}
	EndGlobalSection
EndGlobal
